
Microsoft Visual Studio Solution File, Format Version 12.00
# Visual Studio Version 17
VisualStudioVersion = 17.6.33801.468
MinimumVisualStudioVersion = 10.0.40219.1
Project("{FAE04EC0-301F-11D3-BF4B-00C04F79EFBC}") = "WebAPI_ASP_Net", "WebAPI_ASP_Net\WebAPI_ASP_Net.csproj", "{9BF76A28-36A2-4E6C-B9C7-29DE8819B026}"
EndProject
Project("{FAE04EC0-301F-11D3-BF4B-00C04F79EFBC}") = "WebAPI_ASP_NET_Core", "WebAPI_ASP_NET_Core\WebAPI_ASP_NET_Core.csproj", "{87F4D421-DD38-4390-A4A5-35CF857166F3}"
EndProject
Global
	GlobalSection(SolutionConfigurationPlatforms) = preSolution
		Debug|Any CPU = Debug|Any CPU
		Release|Any CPU = Release|Any CPU
	EndGlobalSection
	GlobalSection(ProjectConfigurationPlatforms) = postSolution
		{9BF76A28-36A2-4E6C-B9C7-29DE8819B026}.Debug|Any CPU.ActiveCfg = Debug|Any CPU
		{9BF76A28-36A2-4E6C-B9C7-29DE8819B026}.Debug|Any CPU.Build.0 = Debug|Any CPU
		{9BF76A28-36A2-4E6C-B9C7-29DE8819B026}.Release|Any CPU.ActiveCfg = Release|Any CPU
		{9BF76A28-36A2-4E6C-B9C7-29DE8819B026}.Release|Any CPU.Build.0 = Release|Any CPU
		{87F4D421-DD38-4390-A4A5-35CF857166F3}.Debug|Any CPU.ActiveCfg = Debug|Any CPU
		{87F4D421-DD38-4390-A4A5-35CF857166F3}.Debug|Any CPU.Build.0 = Debug|Any CPU
		{87F4D421-DD38-4390-A4A5-35CF857166F3}.Release|Any CPU.ActiveCfg = Release|Any CPU
		{87F4D421-DD38-4390-A4A5-35CF857166F3}.Release|Any CPU.Build.0 = Release|Any CPU
	EndGlobalSection
	GlobalSection(SolutionProperties) = preSolution
		HideSolutionNode = FALSE
	EndGlobalSection
	GlobalSection(ExtensibilityGlobals) = postSolution
		SolutionGuid = {65343ED3-A93C-4CA9-B74B-9FEB14F76901}
	EndGlobalSection
EndGlobal
